{
    "_readme": [
        "This file locks the dependencies of your project to a known state",
        "Read more about it at https://getcomposer.org/doc/01-basic-usage.md#installing-dependencies",
        "This file is @generated automatically"
    ],
    "content-hash": "280c644a26c35c4d423bbd7cb9e9b8d8",
    "packages": [],
    "packages-dev": [
        {
            "name": "psalm/phar",
            "version": "6.18.0",
            "source": {
                "type": "git",
                "url": "https://github.com/psalm/phar.git",
                "reference": "170f6af92df7b9813a262346a6fedd16304c8fbb"
            },
            "dist": {
                "type": "zip",
                "url": "https://api.github.com/repos/psalm/phar/zipball/170f6af92df7b9813a262346a6fedd16304c8fbb",
                "reference": "170f6af92df7b9813a262346a6fedd16304c8fbb",
                "shasum": ""
            },
            "require": {
                "php": "^8.2"
            },
            "conflict": {
                "vimeo/psalm": "*"
            },
            "bin": [
                "psalm.phar"
            ],
            "type": "library",
            "notification-url": "https://packagist.org/downloads/",
            "license": [
                "MIT"
            ],
            "description": "Composer-based Psalm Phar",
            "support": {
                "issues": "https://github.com/psalm/phar/issues",
                "source": "https://github.com/psalm/phar/tree/6.18.0"
            },
            "time": "2026-09-21T11:07:40+00:00"
        }
    ],
    "aliases": [],
    "minimum-stability": "stable",
    "stability-flags": {},
    "prefer-stable": false,
    "prefer-lowest": false,
    "platform": {},
    "platform-dev": {},
    "platform-overrides": {
        "php": "8.2"
    },
    "plugin-api-version": "2.9.0"
}
